
Microsoft Visual Studio Solution File, Format Version 12.00
# Visual Studio Version 17
VisualStudioVersion = 17.6.33606.364
MinimumVisualStudioVersion = 10.0.40219.1
Project("{9A19103F-16F7-4668-BE54-9A1E7A4F7556}") = "Socius", "Socius.csproj", "{FBF6B741-746A-41EC-8BCD-1C7FA61AB4F7}"
EndProject
Project("{2150E333-8FDC-42A3-9474-1A3956D46DE8}") = "Solution Items", "Solution Items", "{AE556F60-11BA-4802-991A-B4D31D560696}"
	ProjectSection(SolutionItems) = preProject
		.editorconfig = .editorconfig
	EndProjectSection
EndProject
Global
	GlobalSection(SolutionConfigurationPlatforms) = preSolution
		Debug|Any CPU = Debug|Any CPU
		Release|Any CPU = Release|Any CPU
	EndGlobalSection
	GlobalSection(ProjectConfigurationPlatforms) = postSolution
		{FBF6B741-746A-41EC-8BCD-1C7FA61AB4F7}.Debug|Any CPU.ActiveCfg = Debug|Any CPU
		{FBF6B741-746A-41EC-8BCD-1C7FA61AB4F7}.Debug|Any CPU.Build.0 = Debug|Any CPU
		{FBF6B741-746A-41EC-8BCD-1C7FA61AB4F7}.Release|Any CPU.ActiveCfg = Release|Any CPU
		{FBF6B741-746A-41EC-8BCD-1C7FA61AB4F7}.Release|Any CPU.Build.0 = Release|Any CPU
	EndGlobalSection
	GlobalSection(SolutionProperties) = preSolution
		HideSolutionNode = FALSE
	EndGlobalSection
	GlobalSection(ExtensibilityGlobals) = postSolution
		SolutionGuid = {60DA0B88-B789-4F35-980D-6FA9EBB1C620}
	EndGlobalSection
EndGlobal
